
Microsoft Visual Studio Solution File, Format Version 12.00
# Visual Studio Version 17
VisualStudioVersion = 17.2.32616.157
MinimumVisualStudioVersion = 10.0.40219.1
Project("{FAE04EC0-301F-11D3-BF4B-00C04F79EFBC}") = "LocationCORPApp", "LocationCORPApp.csproj", "{7A8E40F5-688E-409C-BBEB-F2D432363DB9}"
EndProject
Global
	GlobalSection(SolutionConfigurationPlatforms) = preSolution
		Debug|Any CPU = Debug|Any CPU
		Release|Any CPU = Release|Any CPU
	EndGlobalSection
	GlobalSection(ProjectConfigurationPlatforms) = postSolution
		{7A8E40F5-688E-409C-BBEB-F2D432363DB9}.Debug|Any CPU.ActiveCfg = Debug|Any CPU
		{7A8E40F5-688E-409C-BBEB-F2D432363DB9}.Debug|Any CPU.Build.0 = Debug|Any CPU
		{7A8E40F5-688E-409C-BBEB-F2D432363DB9}.Release|Any CPU.ActiveCfg = Release|Any CPU
		{7A8E40F5-688E-409C-BBEB-F2D432363DB9}.Release|Any CPU.Build.0 = Release|Any CPU
	EndGlobalSection
	GlobalSection(SolutionProperties) = preSolution
		HideSolutionNode = FALSE
	EndGlobalSection
	GlobalSection(ExtensibilityGlobals) = postSolution
		SolutionGuid = {CE919635-B784-4A5C-ACEC-E0660153DCC8}
	EndGlobalSection
EndGlobal
